
Microsoft Visual Studio Solution File, Format Version 12.00
# Visual Studio Version 17
VisualStudioVersion = 17.1.32328.378
MinimumVisualStudioVersion = 10.0.40219.1
Project("{FAE04EC0-301F-11D3-BF4B-00C04F79EFBC}") = "ConsoleApp1", "ConsoleApp1\ConsoleApp1.csproj", "{A5293F8D-60BA-407B-9036-BDDE7DE86691}"
EndProject
Global
	GlobalSection(SolutionConfigurationPlatforms) = preSolution
		Debug|Any CPU = Debug|Any CPU
		Release|Any CPU = Release|Any CPU
	EndGlobalSection
	GlobalSection(ProjectConfigurationPlatforms) = postSolution
		{A5293F8D-60BA-407B-9036-BDDE7DE86691}.Debug|Any CPU.ActiveCfg = Debug|Any CPU
		{A5293F8D-60BA-407B-9036-BDDE7DE86691}.Debug|Any CPU.Build.0 = Debug|Any CPU
		{A5293F8D-60BA-407B-9036-BDDE7DE86691}.Release|Any CPU.ActiveCfg = Release|Any CPU
		{A5293F8D-60BA-407B-9036-BDDE7DE86691}.Release|Any CPU.Build.0 = Release|Any CPU
	EndGlobalSection
	GlobalSection(SolutionProperties) = preSolution
		HideSolutionNode = FALSE
	EndGlobalSection
	GlobalSection(ExtensibilityGlobals) = postSolution
		SolutionGuid = {D7431A0F-6832-4CE4-B68A-2A17E43C351E}
	EndGlobalSection
EndGlobal
